{
  "dependencies": {
    "file-saver": {
      "version": "1.3.2",
      "resolved": "https://registry.npmjs.org/file-saver/-/file-saver-1.3.2.tgz",
      "from": "https://registry.npmjs.org/file-saver/-/file-saver-1.3.2.tgz"
    },
    "sortablejs": {
      "version": "1.4.2",
      "resolved": "https://registry.npmjs.org/sortablejs/-/sortablejs-1.4.2.tgz",
      "from": "sortablejs@1.4.2"
    }
  }
}
